github.com/beego/beego/v2 v2.2.1 h1:5RatpEOKnw6sm76hj6lQvEFi4Tco+E21VQomnVB7NsA=
github.com/beego/beego/v2 v2.2.1/go.mod h1:X4hHhM2AXn0hN2tbyz5X/PD7v5JUdE4IihZApiljpNA=
github.com/shiena/ansicolor v0.0.0-20200904210342-c7312218db18 h1:DAYUYH5869yV94zvCES9F51oYtN5oGlwjxJJz7ZCnik=
github.com/shiena/ansicolor v0.0.0-20200904210342-c7312218db18/go.mod h1:nkxAfR/5quYxwPZhyDxgasBMnRtBZd0FCEpawpjMUFg=
